
Microsoft Visual Studio Solution File, Format Version 12.00
# Visual Studio 15
VisualStudioVersion = 15.0.27428.2015
MinimumVisualStudioVersion = 10.0.40219.1
Project("{FAE04EC0-301F-11D3-BF4B-00C04F79EFBC}") = "Patronum.Telas", "Patronum.Telas\Patronum.Telas.csproj", "{AE186F32-6401-4592-B527-A135E15D0DDE}"
EndProject
Project("{FAE04EC0-301F-11D3-BF4B-00C04F79EFBC}") = "Patronum.Negocio", "Patronum.Negocio\Patronum.Negocio.csproj", "{1636D952-D45B-4F90-9934-900CC82DB769}"
EndProject
Project("{FAE04EC0-301F-11D3-BF4B-00C04F79EFBC}") = "Patronum.Persistencia", "Patronum.Persistencia\Patronum.Persistencia.csproj", "{BCFF073F-CEA4-4819-969A-1673C771D4E2}"
EndProject
Global
	GlobalSection(SolutionConfigurationPlatforms) = preSolution
		Debug|Any CPU = Debug|Any CPU
		Release|Any CPU = Release|Any CPU
	EndGlobalSection
	GlobalSection(ProjectConfigurationPlatforms) = postSolution
		{AE186F32-6401-4592-B527-A135E15D0DDE}.Debug|Any CPU.ActiveCfg = Debug|Any CPU
		{AE186F32-6401-4592-B527-A135E15D0DDE}.Debug|Any CPU.Build.0 = Debug|Any CPU
		{AE186F32-6401-4592-B527-A135E15D0DDE}.Release|Any CPU.ActiveCfg = Release|Any CPU
		{AE186F32-6401-4592-B527-A135E15D0DDE}.Release|Any CPU.Build.0 = Release|Any CPU
		{1636D952-D45B-4F90-9934-900CC82DB769}.Debug|Any CPU.ActiveCfg = Debug|Any CPU
		{1636D952-D45B-4F90-9934-900CC82DB769}.Debug|Any CPU.Build.0 = Debug|Any CPU
		{1636D952-D45B-4F90-9934-900CC82DB769}.Release|Any CPU.ActiveCfg = Release|Any CPU
		{1636D952-D45B-4F90-9934-900CC82DB769}.Release|Any CPU.Build.0 = Release|Any CPU
		{BCFF073F-CEA4-4819-969A-1673C771D4E2}.Debug|Any CPU.ActiveCfg = Debug|Any CPU
		{BCFF073F-CEA4-4819-969A-1673C771D4E2}.Debug|Any CPU.Build.0 = Debug|Any CPU
		{BCFF073F-CEA4-4819-969A-1673C771D4E2}.Release|Any CPU.ActiveCfg = Release|Any CPU
		{BCFF073F-CEA4-4819-969A-1673C771D4E2}.Release|Any CPU.Build.0 = Release|Any CPU
	EndGlobalSection
	GlobalSection(SolutionProperties) = preSolution
		HideSolutionNode = FALSE
	EndGlobalSection
	GlobalSection(ExtensibilityGlobals) = postSolution
		SolutionGuid = {3C00429B-44C8-490A-A9D2-C77343365E3A}
	EndGlobalSection
EndGlobal
