
Microsoft Visual Studio Solution File, Format Version 12.00
# Visual Studio 15
VisualStudioVersion = 15.0.27130.2027
MinimumVisualStudioVersion = 10.0.40219.1
Project("{FAE04EC0-301F-11D3-BF4B-00C04F79EFBC}") = "Patronum.Negocio", "Patronum.Negocio\Patronum.Negocio.csproj", "{1636D952-D45B-4F90-9934-900CC82DB769}"
EndProject
Project("{FAE04EC0-301F-11D3-BF4B-00C04F79EFBC}") = "Patronum.Grafico", "Patronum.Grafico\Patronum.Grafico.csproj", "{F064D6B1-E818-440F-9F5C-5690BE0420F8}"
EndProject
Project("{54435603-DBB4-11D2-8724-00A0C9A8B90C}") = "Patronum-Installer", "Patronum-Installer\Patronum-Installer.vdproj", "{2EF1475E-1483-4AD9-838D-AA88703E3D7A}"
EndProject
Global
	GlobalSection(SolutionConfigurationPlatforms) = preSolution
		Debug|Any CPU = Debug|Any CPU
		Release|Any CPU = Release|Any CPU
	EndGlobalSection
	GlobalSection(ProjectConfigurationPlatforms) = postSolution
		{1636D952-D45B-4F90-9934-900CC82DB769}.Debug|Any CPU.ActiveCfg = Debug|Any CPU
		{1636D952-D45B-4F90-9934-900CC82DB769}.Debug|Any CPU.Build.0 = Debug|Any CPU
		{1636D952-D45B-4F90-9934-900CC82DB769}.Release|Any CPU.ActiveCfg = Release|Any CPU
		{1636D952-D45B-4F90-9934-900CC82DB769}.Release|Any CPU.Build.0 = Release|Any CPU
		{F064D6B1-E818-440F-9F5C-5690BE0420F8}.Debug|Any CPU.ActiveCfg = Debug|Any CPU
		{F064D6B1-E818-440F-9F5C-5690BE0420F8}.Debug|Any CPU.Build.0 = Debug|Any CPU
		{F064D6B1-E818-440F-9F5C-5690BE0420F8}.Release|Any CPU.ActiveCfg = Release|Any CPU
		{F064D6B1-E818-440F-9F5C-5690BE0420F8}.Release|Any CPU.Build.0 = Release|Any CPU
		{2EF1475E-1483-4AD9-838D-AA88703E3D7A}.Debug|Any CPU.ActiveCfg = Debug
		{2EF1475E-1483-4AD9-838D-AA88703E3D7A}.Release|Any CPU.ActiveCfg = Release
	EndGlobalSection
	GlobalSection(SolutionProperties) = preSolution
		HideSolutionNode = FALSE
	EndGlobalSection
	GlobalSection(ExtensibilityGlobals) = postSolution
		SolutionGuid = {3C00429B-44C8-490A-A9D2-C77343365E3A}
	EndGlobalSection
EndGlobal
